
Microsoft Visual Studio Solution File, Format Version 12.00
Project("{FAE04EC0-301F-11D3-BF4B-00C04F79EFBC}") = "archFlowServer", "archFlowServer.csproj", "{AAB06BBC-0951-4EE8-894F-FC9E44B3B10E}"
EndProject
Global
	GlobalSection(SolutionConfigurationPlatforms) = preSolution
		Debug|Any CPU = Debug|Any CPU
		Release|Any CPU = Release|Any CPU
	EndGlobalSection
	GlobalSection(ProjectConfigurationPlatforms) = postSolution
		{AAB06BBC-0951-4EE8-894F-FC9E44B3B10E}.Debug|Any CPU.ActiveCfg = Debug|Any CPU
		{AAB06BBC-0951-4EE8-894F-FC9E44B3B10E}.Debug|Any CPU.Build.0 = Debug|Any CPU
		{AAB06BBC-0951-4EE8-894F-FC9E44B3B10E}.Release|Any CPU.ActiveCfg = Release|Any CPU
		{AAB06BBC-0951-4EE8-894F-FC9E44B3B10E}.Release|Any CPU.Build.0 = Release|Any CPU
	EndGlobalSection
EndGlobal

